
Microsoft Visual Studio Solution File, Format Version 12.00
# Visual Studio Version 17
VisualStudioVersion = 17.5.002.0
MinimumVisualStudioVersion = 10.0.40219.1
Project("{9A19103F-16F7-4668-BE54-9A1E7A4F7556}") = "Web_Api101", "Web_Api101.csproj", "{6D8D8019-9082-4D91-9D93-1F068707BEEE}"
EndProject
Global
	GlobalSection(SolutionConfigurationPlatforms) = preSolution
		Debug|Any CPU = Debug|Any CPU
		Release|Any CPU = Release|Any CPU
	EndGlobalSection
	GlobalSection(ProjectConfigurationPlatforms) = postSolution
		{6D8D8019-9082-4D91-9D93-1F068707BEEE}.Debug|Any CPU.ActiveCfg = Debug|Any CPU
		{6D8D8019-9082-4D91-9D93-1F068707BEEE}.Debug|Any CPU.Build.0 = Debug|Any CPU
		{6D8D8019-9082-4D91-9D93-1F068707BEEE}.Release|Any CPU.ActiveCfg = Release|Any CPU
		{6D8D8019-9082-4D91-9D93-1F068707BEEE}.Release|Any CPU.Build.0 = Release|Any CPU
	EndGlobalSection
	GlobalSection(SolutionProperties) = preSolution
		HideSolutionNode = FALSE
	EndGlobalSection
	GlobalSection(ExtensibilityGlobals) = postSolution
		SolutionGuid = {87BABE98-C159-430C-AB4A-E4DE05966F86}
	EndGlobalSection
EndGlobal
