
Microsoft Visual Studio Solution File, Format Version 12.00
# Visual Studio Version 17
VisualStudioVersion = 17.5.33530.505
MinimumVisualStudioVersion = 10.0.40219.1
Project("{9A19103F-16F7-4668-BE54-9A1E7A4F7556}") = "Web_Api101", "Web_Api101\Web_Api101.csproj", "{B0C2B946-A6E6-48C0-9304-BE96EB7B7DE2}"
EndProject
Project("{FAE04EC0-301F-11D3-BF4B-00C04F79EFBC}") = "smtp101", "smtp101\smtp101.csproj", "{56EDA1C9-E89E-4DE1-8D28-BE772FCA5315}"
EndProject
Global
	GlobalSection(SolutionConfigurationPlatforms) = preSolution
		Debug|Any CPU = Debug|Any CPU
		Release|Any CPU = Release|Any CPU
	EndGlobalSection
	GlobalSection(ProjectConfigurationPlatforms) = postSolution
		{B0C2B946-A6E6-48C0-9304-BE96EB7B7DE2}.Debug|Any CPU.ActiveCfg = Debug|Any CPU
		{B0C2B946-A6E6-48C0-9304-BE96EB7B7DE2}.Debug|Any CPU.Build.0 = Debug|Any CPU
		{B0C2B946-A6E6-48C0-9304-BE96EB7B7DE2}.Release|Any CPU.ActiveCfg = Release|Any CPU
		{B0C2B946-A6E6-48C0-9304-BE96EB7B7DE2}.Release|Any CPU.Build.0 = Release|Any CPU
		{56EDA1C9-E89E-4DE1-8D28-BE772FCA5315}.Debug|Any CPU.ActiveCfg = Debug|Any CPU
		{56EDA1C9-E89E-4DE1-8D28-BE772FCA5315}.Debug|Any CPU.Build.0 = Debug|Any CPU
		{56EDA1C9-E89E-4DE1-8D28-BE772FCA5315}.Release|Any CPU.ActiveCfg = Release|Any CPU
		{56EDA1C9-E89E-4DE1-8D28-BE772FCA5315}.Release|Any CPU.Build.0 = Release|Any CPU
	EndGlobalSection
	GlobalSection(SolutionProperties) = preSolution
		HideSolutionNode = FALSE
	EndGlobalSection
	GlobalSection(ExtensibilityGlobals) = postSolution
		SolutionGuid = {A5AC1C2E-3F42-4114-80B6-357200230C11}
	EndGlobalSection
EndGlobal
